
Microsoft Visual Studio Solution File, Format Version 12.00
# Visual Studio Version 16
VisualStudioVersion = 16.0.31729.503
MinimumVisualStudioVersion = 10.0.40219.1
Project("{8BC9CEB8-8B4A-11D0-8D11-00A0C91BC942}") = "20211025", "20211025\20211025.vcxproj", "{DD7D8D9F-D21E-417A-A7DD-556E5E3389DE}"
EndProject
Global
	GlobalSection(SolutionConfigurationPlatforms) = preSolution
		Debug|x64 = Debug|x64
		Debug|x86 = Debug|x86
		Release|x64 = Release|x64
		Release|x86 = Release|x86
	EndGlobalSection
	GlobalSection(ProjectConfigurationPlatforms) = postSolution
		{DD7D8D9F-D21E-417A-A7DD-556E5E3389DE}.Debug|x64.ActiveCfg = Debug|x64
		{DD7D8D9F-D21E-417A-A7DD-556E5E3389DE}.Debug|x64.Build.0 = Debug|x64
		{DD7D8D9F-D21E-417A-A7DD-556E5E3389DE}.Debug|x86.ActiveCfg = Debug|Win32
		{DD7D8D9F-D21E-417A-A7DD-556E5E3389DE}.Debug|x86.Build.0 = Debug|Win32
		{DD7D8D9F-D21E-417A-A7DD-556E5E3389DE}.Release|x64.ActiveCfg = Release|x64
		{DD7D8D9F-D21E-417A-A7DD-556E5E3389DE}.Release|x64.Build.0 = Release|x64
		{DD7D8D9F-D21E-417A-A7DD-556E5E3389DE}.Release|x86.ActiveCfg = Release|Win32
		{DD7D8D9F-D21E-417A-A7DD-556E5E3389DE}.Release|x86.Build.0 = Release|Win32
	EndGlobalSection
	GlobalSection(SolutionProperties) = preSolution
		HideSolutionNode = FALSE
	EndGlobalSection
	GlobalSection(ExtensibilityGlobals) = postSolution
		SolutionGuid = {E6B57CB7-5DC4-488D-A718-F16C57029BE2}
	EndGlobalSection
EndGlobal
